
Microsoft Visual Studio Solution File, Format Version 12.00
# Visual Studio Version 16
VisualStudioVersion = 16.0.31624.102
MinimumVisualStudioVersion = 10.0.40219.1
Project("{FAE04EC0-301F-11D3-BF4B-00C04F79EFBC}") = "TouristGuide.Android", "TouristGuide\TouristGuide.Android\TouristGuide.Android.csproj", "{6C1CE46A-841E-4B46-8BCC-3036C8385C05}"
EndProject
Project("{FAE04EC0-301F-11D3-BF4B-00C04F79EFBC}") = "TouristGuide", "TouristGuide\TouristGuide\TouristGuide.csproj", "{15272598-AE37-4B73-BDD8-263B66FAA3CB}"
EndProject
Global
	GlobalSection(SolutionConfigurationPlatforms) = preSolution
		Debug|Any CPU = Debug|Any CPU
		Release|Any CPU = Release|Any CPU
	EndGlobalSection
	GlobalSection(ProjectConfigurationPlatforms) = postSolution
		{6C1CE46A-841E-4B46-8BCC-3036C8385C05}.Debug|Any CPU.ActiveCfg = Debug|Any CPU
		{6C1CE46A-841E-4B46-8BCC-3036C8385C05}.Debug|Any CPU.Build.0 = Debug|Any CPU
		{6C1CE46A-841E-4B46-8BCC-3036C8385C05}.Debug|Any CPU.Deploy.0 = Debug|Any CPU
		{6C1CE46A-841E-4B46-8BCC-3036C8385C05}.Release|Any CPU.ActiveCfg = Release|Any CPU
		{6C1CE46A-841E-4B46-8BCC-3036C8385C05}.Release|Any CPU.Build.0 = Release|Any CPU
		{6C1CE46A-841E-4B46-8BCC-3036C8385C05}.Release|Any CPU.Deploy.0 = Release|Any CPU
		{15272598-AE37-4B73-BDD8-263B66FAA3CB}.Debug|Any CPU.ActiveCfg = Debug|Any CPU
		{15272598-AE37-4B73-BDD8-263B66FAA3CB}.Debug|Any CPU.Build.0 = Debug|Any CPU
		{15272598-AE37-4B73-BDD8-263B66FAA3CB}.Release|Any CPU.ActiveCfg = Release|Any CPU
		{15272598-AE37-4B73-BDD8-263B66FAA3CB}.Release|Any CPU.Build.0 = Release|Any CPU
	EndGlobalSection
	GlobalSection(SolutionProperties) = preSolution
		HideSolutionNode = FALSE
	EndGlobalSection
	GlobalSection(ExtensibilityGlobals) = postSolution
		SolutionGuid = {6BAAA715-1F2C-4269-824B-9212EAF96A79}
	EndGlobalSection
EndGlobal
